
Microsoft Visual Studio Solution File, Format Version 12.00
# Visual Studio 15
VisualStudioVersion = 15.0.27130.2020
MinimumVisualStudioVersion = 10.0.40219.1
Project("{FAE04EC0-301F-11D3-BF4B-00C04F79EFBC}") = "SigmaDzuwenalia", "SigmaDzuwenalia\SigmaDzuwenalia.csproj", "{EE8A7377-3BCC-4496-9EA9-164B5DF3232D}"
EndProject
Project("{FAE04EC0-301F-11D3-BF4B-00C04F79EFBC}") = "SigmaDzuwenalia.BuisnessServices", "SigmaDzuwenalia.BuisnessServices\SigmaDzuwenalia.BuisnessServices.csproj", "{BD238487-B5F8-40DC-BB6A-8C57B470B740}"
EndProject
Project("{FAE04EC0-301F-11D3-BF4B-00C04F79EFBC}") = "SigmaDzuwenalia.DataAccess", "SigmaDzuwenalia.DataAccess\SigmaDzuwenalia.DataAccess.csproj", "{B63EE2B6-DFEF-4716-A4FB-73F02A79309C}"
EndProject
Global
	GlobalSection(SolutionConfigurationPlatforms) = preSolution
		Debug|Any CPU = Debug|Any CPU
		Release|Any CPU = Release|Any CPU
	EndGlobalSection
	GlobalSection(ProjectConfigurationPlatforms) = postSolution
		{EE8A7377-3BCC-4496-9EA9-164B5DF3232D}.Debug|Any CPU.ActiveCfg = Debug|Any CPU
		{EE8A7377-3BCC-4496-9EA9-164B5DF3232D}.Debug|Any CPU.Build.0 = Debug|Any CPU
		{EE8A7377-3BCC-4496-9EA9-164B5DF3232D}.Release|Any CPU.ActiveCfg = Release|Any CPU
		{EE8A7377-3BCC-4496-9EA9-164B5DF3232D}.Release|Any CPU.Build.0 = Release|Any CPU
		{BD238487-B5F8-40DC-BB6A-8C57B470B740}.Debug|Any CPU.ActiveCfg = Debug|Any CPU
		{BD238487-B5F8-40DC-BB6A-8C57B470B740}.Debug|Any CPU.Build.0 = Debug|Any CPU
		{BD238487-B5F8-40DC-BB6A-8C57B470B740}.Release|Any CPU.ActiveCfg = Release|Any CPU
		{BD238487-B5F8-40DC-BB6A-8C57B470B740}.Release|Any CPU.Build.0 = Release|Any CPU
		{B63EE2B6-DFEF-4716-A4FB-73F02A79309C}.Debug|Any CPU.ActiveCfg = Debug|Any CPU
		{B63EE2B6-DFEF-4716-A4FB-73F02A79309C}.Debug|Any CPU.Build.0 = Debug|Any CPU
		{B63EE2B6-DFEF-4716-A4FB-73F02A79309C}.Release|Any CPU.ActiveCfg = Release|Any CPU
		{B63EE2B6-DFEF-4716-A4FB-73F02A79309C}.Release|Any CPU.Build.0 = Release|Any CPU
	EndGlobalSection
	GlobalSection(SolutionProperties) = preSolution
		HideSolutionNode = FALSE
	EndGlobalSection
	GlobalSection(ExtensibilityGlobals) = postSolution
		SolutionGuid = {D3A6EF1F-381E-4BE7-BEEA-50B139874E95}
	EndGlobalSection
EndGlobal
